
Microsoft Visual Studio Solution File, Format Version 11.00
# Visual Studio 2010
Project("{8BC9CEB8-8B4A-11D0-8D11-00A0C91BC942}") = "hdzb-server", "hdzb-server\hdzb-server.vcxproj", "{6681EAC9-F4D9-45E7-AE65-AFDDEE091E94}"
EndProject
Project("{8BC9CEB8-8B4A-11D0-8D11-00A0C91BC942}") = "FFRecMgrDll", "FFRecMgrDll\FFRecMgrDll.vcxproj", "{3675E5F6-E3B3-4844-A166-496031E999F1}"
EndProject
Global
	GlobalSection(SolutionConfigurationPlatforms) = preSolution
		Debug|Win32 = Debug|Win32
		Release|Win32 = Release|Win32
	EndGlobalSection
	GlobalSection(ProjectConfigurationPlatforms) = postSolution
		{6681EAC9-F4D9-45E7-AE65-AFDDEE091E94}.Debug|Win32.ActiveCfg = Debug|Win32
		{6681EAC9-F4D9-45E7-AE65-AFDDEE091E94}.Debug|Win32.Build.0 = Debug|Win32
		{6681EAC9-F4D9-45E7-AE65-AFDDEE091E94}.Release|Win32.ActiveCfg = Release|Win32
		{6681EAC9-F4D9-45E7-AE65-AFDDEE091E94}.Release|Win32.Build.0 = Release|Win32
		{3675E5F6-E3B3-4844-A166-496031E999F1}.Debug|Win32.ActiveCfg = Debug|Win32
		{3675E5F6-E3B3-4844-A166-496031E999F1}.Debug|Win32.Build.0 = Debug|Win32
		{3675E5F6-E3B3-4844-A166-496031E999F1}.Release|Win32.ActiveCfg = Release|Win32
		{3675E5F6-E3B3-4844-A166-496031E999F1}.Release|Win32.Build.0 = Release|Win32
	EndGlobalSection
	GlobalSection(SolutionProperties) = preSolution
		HideSolutionNode = FALSE
	EndGlobalSection
EndGlobal
